{
  "lockfileVersion": 1,
  "workspaces": {
    "": {
      "name": "arconis-relay",
      "dependencies": {
        "mailparser": "^3.7.4",
        "nodemailer": "^7.0.5",
        "smtp-server": "^3.14.0",
      },
      "devDependencies": {
        "@types/bun": "^1.2.18",
        "@types/mailparser": "^3.4.6",
        "@types/smtp-server": "^3.5.10",
      },
    },
  },
  "packages": {
    "@selderee/plugin-htmlparser2": ["@selderee/plugin-htmlparser2@0.11.0", "", { "dependencies": { "domhandler": "^5.0.3", "selderee": "^0.11.0" } }, "sha512-P33hHGdldxGabLFjPPpaTxVolMrzrcegejx+0GxjrIb9Zv48D8yAIA/QTDR2dFl7Uz7urX8aX6+5bCZslr+gWQ=="],

    "@types/bun": ["@types/bun@1.2.18", "", { "dependencies": { "bun-types": "1.2.18" } }, "sha512-Xf6RaWVheyemaThV0kUfaAUvCNokFr+bH8Jxp+tTZfx7dAPA8z9ePnP9S9+Vspzuxxx9JRAXhnyccRj3GyCMdQ=="],

    "@types/mailparser": ["@types/mailparser@3.4.6", "", { "dependencies": { "@types/node": "*", "iconv-lite": "^0.6.3" } }, "sha512-wVV3cnIKzxTffaPH8iRnddX1zahbYB1ZEoAxyhoBo3TBCBuK6nZ8M8JYO/RhsCuuBVOw/DEN/t/ENbruwlxn6Q=="],

    "@types/node": ["@types/node@20.12.14", "", { "dependencies": { "undici-types": "~5.26.4" } }, "sha512-scnD59RpYD91xngrQQLGkE+6UrHUPzeKZWhhjBSa3HSkwjbQc38+q3RoIVEwxQGRw3M+j5hpNAM+lgV3cVormg=="],

    "@types/nodemailer": ["@types/nodemailer@6.4.4", "", { "dependencies": { "@types/node": "*" } }, "sha512-Ksw4t7iliXeYGvIQcSIgWQ5BLuC/mljIEbjf615svhZL10PE9t+ei8O9gDaD3FPCasUJn9KTLwz2JFJyiiyuqw=="],

    "@types/react": ["@types/react@19.1.8", "", { "dependencies": { "csstype": "^3.0.2" } }, "sha512-AwAfQ2Wa5bCx9WP8nZL2uMZWod7J7/JSplxbTmBQ5ms6QpqNYm672H0Vu9ZVKVngQ+ii4R/byguVEUZQyeg44g=="],

    "@types/smtp-server": ["@types/smtp-server@3.5.10", "", { "dependencies": { "@types/node": "*", "@types/nodemailer": "*" } }, "sha512-i3Jx7sJ2qF52vjaOf3HguulXlWRFf6BSfsRLsIdmytDyVGv7KkhSs+gR9BXJnJWg1Ljkh/56Fh1Xqwa6u6X7zw=="],

    "base32.js": ["base32.js@0.1.0", "", {}, ""],

    "bun-types": ["bun-types@1.2.18", "", { "dependencies": { "@types/node": "*" }, "peerDependencies": { "@types/react": "^19" } }, "sha512-04+Eha5NP7Z0A9YgDAzMk5PHR16ZuLVa83b26kH5+cp1qZW4F6FmAURngE7INf4tKOvCE69vYvDEwoNl1tGiWw=="],

    "csstype": ["csstype@3.1.3", "", {}, "sha512-M1uQkMl8rQK/szD0LNhtqxIPLpimGm8sOBwU7lLnCpSbTyY3yeU1Vc7l4KT5zT4s/yOxHH5O7tIuuLOCnLADRw=="],

    "deepmerge": ["deepmerge@4.3.1", "", {}, "sha512-3sUqbMEc77XqpdNO7FRyRog+eW3ph+GYCbj+rK+uYyRMuwsVy0rMiVtPn+QJlKFvWP/1PYpapqYn0Me2knFn+A=="],

    "dom-serializer": ["dom-serializer@2.0.0", "", { "dependencies": { "domelementtype": "^2.3.0", "domhandler": "^5.0.2", "entities": "^4.2.0" } }, "sha512-wIkAryiqt/nV5EQKqQpo3SToSOV9J0DnbJqwK7Wv/Trc92zIAYZ4FlMu+JPFW1DfGFt81ZTCGgDEabffXeLyJg=="],

    "domelementtype": ["domelementtype@2.3.0", "", {}, "sha512-OLETBj6w0OsagBwdXnPdN0cnMfF9opN69co+7ZrbfPGrdpPVNBUj02spi6B1N7wChLQiPn4CSH/zJvXw56gmHw=="],

    "domhandler": ["domhandler@5.0.3", "", { "dependencies": { "domelementtype": "^2.3.0" } }, "sha512-cgwlv/1iFQiFnU96XXgROh8xTeetsnJiDsTc7TYCLFd9+/WNkIqPTxiM/8pSd8VIrhXGTf1Ny1q1hquVqDJB5w=="],

    "domutils": ["domutils@3.1.0", "", { "dependencies": { "dom-serializer": "^2.0.0", "domelementtype": "^2.3.0", "domhandler": "^5.0.3" } }, "sha512-H78uMmQtI2AhgDJjWeQmHwJJ2bLPD3GMmO7Zja/ZZh84wkm+4ut+IUnUdRa8uCGX88DiVx1j6FRe1XfxEgjEZA=="],

    "encoding-japanese": ["encoding-japanese@2.2.0", "", {}, "sha512-EuJWwlHPZ1LbADuKTClvHtwbaFn4rOD+dRAbWysqEOXRc2Uui0hJInNJrsdH0c+OhJA4nrCBdSkW4DD5YxAo6A=="],

    "entities": ["entities@4.5.0", "", {}, "sha512-V0hjH4dGPh9Ao5p0MoRY6BVqtwCjhz6vI5LT8AJ55H+4g9/4vbHx1I54fS0XuclLhDHArPQCiMjDxjaL8fPxhw=="],

    "he": ["he@1.2.0", "", { "bin": "bin/he" }, "sha512-F/1DnUGPopORZi0ni+CvrCgHQ5FyEAHRLSApuYWMmrbSwoN2Mn/7k+Gl38gJnR7yyDZk6WLXwiGod1JOWNDKGw=="],

    "html-to-text": ["html-to-text@9.0.5", "", { "dependencies": { "@selderee/plugin-htmlparser2": "^0.11.0", "deepmerge": "^4.3.1", "dom-serializer": "^2.0.0", "htmlparser2": "^8.0.2", "selderee": "^0.11.0" } }, "sha512-qY60FjREgVZL03vJU6IfMV4GDjGBIoOyvuFdpBDIX9yTlDw0TjxVBQp+P8NvpdIXNJvfWBTNul7fsAQJq2FNpg=="],

    "htmlparser2": ["htmlparser2@8.0.2", "", { "dependencies": { "domelementtype": "^2.3.0", "domhandler": "^5.0.3", "domutils": "^3.0.1", "entities": "^4.4.0" } }, "sha512-GYdjWKDkbRLkZ5geuHs5NY1puJ+PXwP7+fHPRz06Eirsb9ugf6d8kkXav6ADhcODhFFPMIXyxkxSuMf3D6NCFA=="],

    "iconv-lite": ["iconv-lite@0.6.3", "", { "dependencies": { "safer-buffer": ">= 2.1.2 < 3.0.0" } }, "sha512-4fCk79wshMdzMp2rH06qWrJE4iolqLhCUH+OiuIgU++RB0+94NlDL81atO7GX55uUKueo0txHNtvEyI6D7WdMw=="],

    "ipv6-normalize": ["ipv6-normalize@1.0.1", "", {}, ""],

    "leac": ["leac@0.6.0", "", {}, "sha512-y+SqErxb8h7nE/fiEX07jsbuhrpO9lL8eca7/Y1nuWV2moNlXhyd59iDGcRf6moVyDMbmTNzL40SUyrFU/yDpg=="],

    "libbase64": ["libbase64@1.3.0", "", {}, "sha512-GgOXd0Eo6phYgh0DJtjQ2tO8dc0IVINtZJeARPeiIJqge+HdsWSuaDTe8ztQ7j/cONByDZ3zeB325AHiv5O0dg=="],

    "libmime": ["libmime@5.3.7", "", { "dependencies": { "encoding-japanese": "2.2.0", "iconv-lite": "0.6.3", "libbase64": "1.3.0", "libqp": "2.1.1" } }, "sha512-FlDb3Wtha8P01kTL3P9M+ZDNDWPKPmKHWaU/cG/lg5pfuAwdflVpZE+wm9m7pKmC5ww6s+zTxBKS1p6yl3KpSw=="],

    "libqp": ["libqp@2.1.1", "", {}, "sha512-0Wd+GPz1O134cP62YU2GTOPNA7Qgl09XwCqM5zpBv87ERCXdfDtyKXvV7c9U22yWJh44QZqBocFnXN11K96qow=="],

    "linkify-it": ["linkify-it@5.0.0", "", { "dependencies": { "uc.micro": "^2.0.0" } }, "sha512-5aHCbzQRADcdP+ATqnDuhhJ/MRIqDkZX5pyjFHRRysS8vZ5AbqGEoFIb6pYHPZ+L/OC2Lc+xT8uHVVR5CAK/wQ=="],

    "mailparser": ["mailparser@3.7.4", "", { "dependencies": { "encoding-japanese": "2.2.0", "he": "1.2.0", "html-to-text": "9.0.5", "iconv-lite": "0.6.3", "libmime": "5.3.7", "linkify-it": "5.0.0", "mailsplit": "5.4.5", "nodemailer": "7.0.4", "punycode.js": "2.3.1", "tlds": "1.259.0" } }, "sha512-Beh4yyR4jLq3CZZ32asajByrXnW8dLyKCAQD3WvtTiBnMtFWhxO+wa93F6sJNjDmfjxXs4NRNjw3XAGLqZR3Vg=="],

    "mailsplit": ["mailsplit@5.4.5", "", { "dependencies": { "libbase64": "1.3.0", "libmime": "5.3.7", "libqp": "2.1.1" } }, "sha512-oMfhmvclR689IIaQmIcR5nODnZRRVwAKtqFT407TIvmhX2OLUBnshUTcxzQBt3+96sZVDud9NfSe1NxAkUNXEQ=="],

    "nodemailer": ["nodemailer@7.0.5", "", {}, "sha512-nsrh2lO3j4GkLLXoeEksAMgAOqxOv6QumNRVQTJwKH4nuiww6iC2y7GyANs9kRAxCexg3+lTWM3PZ91iLlVjfg=="],

    "parseley": ["parseley@0.12.1", "", { "dependencies": { "leac": "^0.6.0", "peberminta": "^0.9.0" } }, "sha512-e6qHKe3a9HWr0oMRVDTRhKce+bRO8VGQR3NyVwcjwrbhMmFCX9KszEV35+rn4AdilFAq9VPxP/Fe1wC9Qjd2lw=="],

    "peberminta": ["peberminta@0.9.0", "", {}, "sha512-XIxfHpEuSJbITd1H3EeQwpcZbTLHc+VVr8ANI9t5sit565tsI4/xK3KWTUFE2e6QiangUkh3B0jihzmGnNrRsQ=="],

    "punycode.js": ["punycode.js@2.3.1", "", {}, "sha512-uxFIHU0YlHYhDQtV4R9J6a52SLx28BCjT+4ieh7IGbgwVJWO+km431c4yRlREUAsAmt/uMjQUyQHNEPf0M39CA=="],

    "safer-buffer": ["safer-buffer@2.1.2", "", {}, "sha512-YZo3K82SD7Riyi0E1EQPojLz7kpepnSQI9IyPbHHg1XXXevb5dJI7tpyN2ADxGcQbHG7vcyRHk0cbwqcQriUtg=="],

    "selderee": ["selderee@0.11.0", "", { "dependencies": { "parseley": "^0.12.0" } }, "sha512-5TF+l7p4+OsnP8BCCvSyZiSPc4x4//p5uPwK8TCnVPJYRmU2aYKMpOXvw8zM5a5JvuuCGN1jmsMwuU2W02ukfA=="],

    "smtp-server": ["smtp-server@3.14.0", "", { "dependencies": { "base32.js": "0.1.0", "ipv6-normalize": "1.0.1", "nodemailer": "7.0.3", "punycode.js": "2.3.1" } }, "sha512-cEw/hdIY+xw1pkbQbQ23hvnm9kNABAsgYB+jJYGkzAynZxJ2VB9aqC6JhB1vpdDnqan7C7AL3qHYRGwz5eD6BQ=="],

    "tlds": ["tlds@1.259.0", "", { "bin": { "tlds": "bin.js" } }, "sha512-AldGGlDP0PNgwppe2quAvuBl18UcjuNtOnDuUkqhd6ipPqrYYBt3aTxK1QTsBVknk97lS2JcafWMghjGWFtunw=="],

    "uc.micro": ["uc.micro@2.1.0", "", {}, "sha512-ARDJmphmdvUk6Glw7y9DQ2bFkKBHwQHLi2lsaH6PPmz/Ka9sFOBsBluozhDltWmnv9u/cF6Rt87znRTPV+yp/A=="],

    "undici-types": ["undici-types@5.26.5", "", {}, "sha512-JlCMO+ehdEIKqlFxk6IfVoAUVmgz7cU7zD/h9XZ0qzeosSHmUJVOzSQvvYSYWXkFXC+IfLKSIffhv0sVZup6pA=="],

    "@types/nodemailer/@types/node": ["@types/node@20.11.24", "", { "dependencies": { "undici-types": "~5.26.4" } }, "sha512-Kza43ewS3xoLgCEpQrsT+xRo/EJej1y0kVYGiLFE1NEODXGzTfwiC6tXTLMQskn1X4/Rjlh0MQUvx9W+L9long=="],

    "@types/smtp-server/@types/node": ["@types/node@20.11.24", "", { "dependencies": { "undici-types": "~5.26.4" } }, "sha512-Kza43ewS3xoLgCEpQrsT+xRo/EJej1y0kVYGiLFE1NEODXGzTfwiC6tXTLMQskn1X4/Rjlh0MQUvx9W+L9long=="],

    "mailparser/nodemailer": ["nodemailer@7.0.4", "", {}, "sha512-9O00Vh89/Ld2EcVCqJ/etd7u20UhME0f/NToPfArwPEe1Don1zy4mAIz6ariRr7mJ2RDxtaDzN0WJVdVXPtZaw=="],

    "smtp-server/nodemailer": ["nodemailer@7.0.3", "", {}, "sha512-Ajq6Sz1x7cIK3pN6KesGTah+1gnwMnx5gKl3piQlQQE/PwyJ4Mbc8is2psWYxK3RJTVeqsDaCv8ZzXLCDHMTZw=="],
  }
}
